
Microsoft Visual Studio Solution File, Format Version 12.00
# Visual Studio 15
VisualStudioVersion = 15.0.26124.0
MinimumVisualStudioVersion = 15.0.26124.0
Project("{FAE04EC0-301F-11D3-BF4B-00C04F79EFBC}") = "DijkstraDistances.ConsoleApp", "DijkstraDistances.ConsoleApp\DijkstraDistances.ConsoleApp.csproj", "{5C32B902-567F-4AB6-96F4-F1406190EA5A}"
EndProject
Project("{FAE04EC0-301F-11D3-BF4B-00C04F79EFBC}") = "DijkstraDistances.Graphs", "DijkstraDistances.Graphs\DijkstraDistances.Graphs.csproj", "{5BB42A06-0EF3-428F-9319-F5BD429AFFF1}"
EndProject
Project("{FAE04EC0-301F-11D3-BF4B-00C04F79EFBC}") = "DijkstraDistances.Tests", "DijkstraDistances.Tests\DijkstraDistances.Tests.csproj", "{651ADC82-A050-4E0C-BD19-8CF0D190D919}"
EndProject
Global
	GlobalSection(SolutionConfigurationPlatforms) = preSolution
		Debug|Any CPU = Debug|Any CPU
		Debug|x64 = Debug|x64
		Debug|x86 = Debug|x86
		Release|Any CPU = Release|Any CPU
		Release|x64 = Release|x64
		Release|x86 = Release|x86
	EndGlobalSection
	GlobalSection(SolutionProperties) = preSolution
		HideSolutionNode = FALSE
	EndGlobalSection
	GlobalSection(ProjectConfigurationPlatforms) = postSolution
		{5C32B902-567F-4AB6-96F4-F1406190EA5A}.Debug|Any CPU.ActiveCfg = Debug|Any CPU
		{5C32B902-567F-4AB6-96F4-F1406190EA5A}.Debug|Any CPU.Build.0 = Debug|Any CPU
		{5C32B902-567F-4AB6-96F4-F1406190EA5A}.Debug|x64.ActiveCfg = Debug|Any CPU
		{5C32B902-567F-4AB6-96F4-F1406190EA5A}.Debug|x64.Build.0 = Debug|Any CPU
		{5C32B902-567F-4AB6-96F4-F1406190EA5A}.Debug|x86.ActiveCfg = Debug|Any CPU
		{5C32B902-567F-4AB6-96F4-F1406190EA5A}.Debug|x86.Build.0 = Debug|Any CPU
		{5C32B902-567F-4AB6-96F4-F1406190EA5A}.Release|Any CPU.ActiveCfg = Release|Any CPU
		{5C32B902-567F-4AB6-96F4-F1406190EA5A}.Release|Any CPU.Build.0 = Release|Any CPU
		{5C32B902-567F-4AB6-96F4-F1406190EA5A}.Release|x64.ActiveCfg = Release|Any CPU
		{5C32B902-567F-4AB6-96F4-F1406190EA5A}.Release|x64.Build.0 = Release|Any CPU
		{5C32B902-567F-4AB6-96F4-F1406190EA5A}.Release|x86.ActiveCfg = Release|Any CPU
		{5C32B902-567F-4AB6-96F4-F1406190EA5A}.Release|x86.Build.0 = Release|Any CPU
		{5BB42A06-0EF3-428F-9319-F5BD429AFFF1}.Debug|Any CPU.ActiveCfg = Debug|Any CPU
		{5BB42A06-0EF3-428F-9319-F5BD429AFFF1}.Debug|Any CPU.Build.0 = Debug|Any CPU
		{5BB42A06-0EF3-428F-9319-F5BD429AFFF1}.Debug|x64.ActiveCfg = Debug|Any CPU
		{5BB42A06-0EF3-428F-9319-F5BD429AFFF1}.Debug|x64.Build.0 = Debug|Any CPU
		{5BB42A06-0EF3-428F-9319-F5BD429AFFF1}.Debug|x86.ActiveCfg = Debug|Any CPU
		{5BB42A06-0EF3-428F-9319-F5BD429AFFF1}.Debug|x86.Build.0 = Debug|Any CPU
		{5BB42A06-0EF3-428F-9319-F5BD429AFFF1}.Release|Any CPU.ActiveCfg = Release|Any CPU
		{5BB42A06-0EF3-428F-9319-F5BD429AFFF1}.Release|Any CPU.Build.0 = Release|Any CPU
		{5BB42A06-0EF3-428F-9319-F5BD429AFFF1}.Release|x64.ActiveCfg = Release|Any CPU
		{5BB42A06-0EF3-428F-9319-F5BD429AFFF1}.Release|x64.Build.0 = Release|Any CPU
		{5BB42A06-0EF3-428F-9319-F5BD429AFFF1}.Release|x86.ActiveCfg = Release|Any CPU
		{5BB42A06-0EF3-428F-9319-F5BD429AFFF1}.Release|x86.Build.0 = Release|Any CPU
		{651ADC82-A050-4E0C-BD19-8CF0D190D919}.Debug|Any CPU.ActiveCfg = Debug|Any CPU
		{651ADC82-A050-4E0C-BD19-8CF0D190D919}.Debug|Any CPU.Build.0 = Debug|Any CPU
		{651ADC82-A050-4E0C-BD19-8CF0D190D919}.Debug|x64.ActiveCfg = Debug|Any CPU
		{651ADC82-A050-4E0C-BD19-8CF0D190D919}.Debug|x64.Build.0 = Debug|Any CPU
		{651ADC82-A050-4E0C-BD19-8CF0D190D919}.Debug|x86.ActiveCfg = Debug|Any CPU
		{651ADC82-A050-4E0C-BD19-8CF0D190D919}.Debug|x86.Build.0 = Debug|Any CPU
		{651ADC82-A050-4E0C-BD19-8CF0D190D919}.Release|Any CPU.ActiveCfg = Release|Any CPU
		{651ADC82-A050-4E0C-BD19-8CF0D190D919}.Release|Any CPU.Build.0 = Release|Any CPU
		{651ADC82-A050-4E0C-BD19-8CF0D190D919}.Release|x64.ActiveCfg = Release|Any CPU
		{651ADC82-A050-4E0C-BD19-8CF0D190D919}.Release|x64.Build.0 = Release|Any CPU
		{651ADC82-A050-4E0C-BD19-8CF0D190D919}.Release|x86.ActiveCfg = Release|Any CPU
		{651ADC82-A050-4E0C-BD19-8CF0D190D919}.Release|x86.Build.0 = Release|Any CPU
	EndGlobalSection
EndGlobal
